{
  "name": "npm",
  "version": "1.0.0",
  "lockfileVersion": 2,
  "requires": true,
  "packages": {
    "": {
      "version": "1.0.0",
      "license": "ISC",
      "devDependencies": {
        "await-all": "file:../../.."
      }
    },
    "../../..": {
      "version": "0.1.0",
      "dev": true,
      "license": "MIT",
      "devDependencies": {
        "@babel/core": "^7.14.3",
        "@babel/preset-env": "^7.14.2",
        "@babel/preset-typescript": "^7.13.0",
        "babel-loader": "^8.2.2",
        "eslint": "^7.27.0",
        "prettier": "^2.3.0",
        "shx": "^0.3.3",
        "ts-loader": "^8.0.18",
        "typescript": "^4.3.2",
        "webpack": "^5.37.1",
        "webpack-cli": "^4.5.0"
      }
    },
    "node_modules/await-all": {
      "resolved": "../../..",
      "link": true
    }
  },
  "dependencies": {
    "await-all": {
      "version": "file:../../..",
      "requires": {
        "@babel/core": "^7.14.3",
        "@babel/preset-env": "^7.14.2",
        "@babel/preset-typescript": "^7.13.0",
        "babel-loader": "^8.2.2",
        "eslint": "^7.27.0",
        "prettier": "^2.3.0",
        "shx": "^0.3.3",
        "ts-loader": "^8.0.18",
        "typescript": "^4.3.2",
        "webpack": "^5.37.1",
        "webpack-cli": "^4.5.0"
      }
    }
  }
}
